
Microsoft Visual Studio Solution File, Format Version 12.00
# Visual Studio Version 17
VisualStudioVersion = 17.8.34322.80
MinimumVisualStudioVersion = 10.0.40219.1
Project("{FAE04EC0-301F-11D3-BF4B-00C04F79EFBC}") = "CurrencyNumbersToWords.Server", "CurrencyNumbersToWords.Server\CurrencyNumbersToWords.Server.csproj", "{8E9A2B8E-BED2-44DE-9E9B-15D81FD50DE8}"
EndProject
Project("{54A90642-561A-4BB1-A94E-469ADEE60C69}") = "currencynumberstowords.client", "currencynumberstowords.client\currencynumberstowords.client.esproj", "{C896F7E2-F33E-4C8E-ABF5-84C65323226A}"
EndProject
Global
	GlobalSection(SolutionConfigurationPlatforms) = preSolution
		Debug|Any CPU = Debug|Any CPU
		Release|Any CPU = Release|Any CPU
	EndGlobalSection
	GlobalSection(ProjectConfigurationPlatforms) = postSolution
		{8E9A2B8E-BED2-44DE-9E9B-15D81FD50DE8}.Debug|Any CPU.ActiveCfg = Debug|Any CPU
		{8E9A2B8E-BED2-44DE-9E9B-15D81FD50DE8}.Debug|Any CPU.Build.0 = Debug|Any CPU
		{8E9A2B8E-BED2-44DE-9E9B-15D81FD50DE8}.Release|Any CPU.ActiveCfg = Release|Any CPU
		{8E9A2B8E-BED2-44DE-9E9B-15D81FD50DE8}.Release|Any CPU.Build.0 = Release|Any CPU
		{C896F7E2-F33E-4C8E-ABF5-84C65323226A}.Debug|Any CPU.ActiveCfg = Debug|Any CPU
		{C896F7E2-F33E-4C8E-ABF5-84C65323226A}.Debug|Any CPU.Build.0 = Debug|Any CPU
		{C896F7E2-F33E-4C8E-ABF5-84C65323226A}.Debug|Any CPU.Deploy.0 = Debug|Any CPU
		{C896F7E2-F33E-4C8E-ABF5-84C65323226A}.Release|Any CPU.ActiveCfg = Release|Any CPU
		{C896F7E2-F33E-4C8E-ABF5-84C65323226A}.Release|Any CPU.Build.0 = Release|Any CPU
		{C896F7E2-F33E-4C8E-ABF5-84C65323226A}.Release|Any CPU.Deploy.0 = Release|Any CPU
	EndGlobalSection
	GlobalSection(SolutionProperties) = preSolution
		HideSolutionNode = FALSE
	EndGlobalSection
	GlobalSection(ExtensibilityGlobals) = postSolution
		SolutionGuid = {B15822D8-FD6E-4CEE-995C-6C8819C44E1E}
	EndGlobalSection
EndGlobal
